schema: '2.0'
stages:
  LoadModel:
    cmd: zntrack run src.LoadModel --name LoadModel
    deps:
    - path: 2023-08-14-mace-universal.model
      hash: md5
      md5: 619bf9f4d5aa7a7a83de8d166cc29595
      size: 17045559
    outs:
    - path: nodes/LoadModel/node-meta.json
      hash: md5
      md5: f0940c3b5311cae757f3c3a72c27db0a
      size: 48
  BMIM_Cl_SmilesToAtoms:
    cmd: zntrack run ipsuite.nodes.SmilesToAtoms --name BMIM_Cl_SmilesToAtoms
    params:
      params.yaml:
        BMIM_Cl_SmilesToAtoms:
          cell:
          optimizer: UFF
          seed: 1234
          smiles: CCCCN1C=C[N+](=C1)C
    outs:
    - path: nodes/BMIM_Cl/SmilesToAtoms/atoms.h5
      hash: md5
      md5: 744f94e60270ed284980820ff3038f19
      size: 27968
    - path: nodes/BMIM_Cl/SmilesToAtoms/molecule.png
      hash: md5
      md5: fdd79327769e93e7b62bff4482f4f902
      size: 7734
    - path: nodes/BMIM_Cl/SmilesToAtoms/node-meta.json
      hash: md5
      md5: db8d1bedd3c1721663b43904af149198
      size: 48
  BMIM_Cl_SmilesToAtoms_1:
    cmd: zntrack run ipsuite.nodes.SmilesToAtoms --name BMIM_Cl_SmilesToAtoms_1
    params:
      params.yaml:
        BMIM_Cl_SmilesToAtoms_1:
          cell:
          optimizer: UFF
          seed: 1234
          smiles: '[Cl-]'
    outs:
    - path: nodes/BMIM_Cl/SmilesToAtoms_1/atoms.h5
      hash: md5
      md5: 1e408becdcab7f4faa515f2e39ad9639
      size: 27968
    - path: nodes/BMIM_Cl/SmilesToAtoms_1/molecule.png
      hash: md5
      md5: e79938af7855a45ee8bf012982688e03
      size: 2232
    - path: nodes/BMIM_Cl/SmilesToAtoms_1/node-meta.json
      hash: md5
      md5: aa7b8ac362a3ff25aca99d8659fdddaa
      size: 48
  BMIM_Cl_Packmol:
    cmd: zntrack run ipsuite.nodes.Packmol --name BMIM_Cl_Packmol
    deps:
    - path: nodes/BMIM_Cl/SmilesToAtoms/atoms.h5
      hash: md5
      md5: 744f94e60270ed284980820ff3038f19
      size: 27968
    - path: nodes/BMIM_Cl/SmilesToAtoms/molecule.png
      hash: md5
      md5: fdd79327769e93e7b62bff4482f4f902
      size: 7734
    - path: nodes/BMIM_Cl/SmilesToAtoms/node-meta.json
      hash: md5
      md5: db8d1bedd3c1721663b43904af149198
      size: 48
    - path: nodes/BMIM_Cl/SmilesToAtoms_1/atoms.h5
      hash: md5
      md5: 1e408becdcab7f4faa515f2e39ad9639
      size: 27968
    - path: nodes/BMIM_Cl/SmilesToAtoms_1/molecule.png
      hash: md5
      md5: e79938af7855a45ee8bf012982688e03
      size: 2232
    - path: nodes/BMIM_Cl/SmilesToAtoms_1/node-meta.json
      hash: md5
      md5: aa7b8ac362a3ff25aca99d8659fdddaa
      size: 48
    params:
      params.yaml:
        BMIM_Cl_Packmol:
          box:
          count:
          - 1
          - 1
          data_ids:
          density: 1000
          pbc: false
          tolerance: 2.0
    outs:
    - path: nodes/BMIM_Cl/Packmol/atoms.h5
      hash: md5
      md5: 50ae294f5f3e26e82d7b485a131631a9
      size: 27968
    - path: nodes/BMIM_Cl/Packmol/node-meta.json
      hash: md5
      md5: d558d4fb028420e220cc16549907e2c1
      size: 48
    - path: nodes/BMIM_Cl/Packmol/packmol
      hash: md5
      md5: 10067e62dd7a4304d3b8c1cde1fa5960.dir
      size: 3401
      nfiles: 4
  BMIM_Cl_Packmol_1:
    cmd: zntrack run ipsuite.nodes.Packmol --name BMIM_Cl_Packmol_1
    deps:
    - path: nodes/BMIM_Cl/Packmol/atoms.h5
      hash: md5
      md5: 50ae294f5f3e26e82d7b485a131631a9
      size: 27968
    - path: nodes/BMIM_Cl/Packmol/node-meta.json
      hash: md5
      md5: d558d4fb028420e220cc16549907e2c1
      size: 48
    - path: nodes/BMIM_Cl/Packmol/packmol
      hash: md5
      md5: 10067e62dd7a4304d3b8c1cde1fa5960.dir
      size: 3401
      nfiles: 4
    params:
      params.yaml:
        BMIM_Cl_Packmol_1:
          box:
          count:
          - 10
          data_ids:
          density: 700
          pbc: true
          tolerance: 2.0
    outs:
    - path: nodes/BMIM_Cl/Packmol_1/atoms.h5
      hash: md5
      md5: 5f3b95b66ba4de9d5a9a35752de8a142
      size: 36288
    - path: nodes/BMIM_Cl/Packmol_1/node-meta.json
      hash: md5
      md5: 1bf9da9cb89d6cd501f0041aa32e4100
      size: 48
    - path: nodes/BMIM_Cl/Packmol_1/packmol
      hash: md5
      md5: 6da955de6a51d4406d482ceb97aaeab8.dir
      size: 16318
      nfiles: 3
  BMIM_Cl_ASEGeoOpt:
    cmd: zntrack run ipsuite.nodes.ASEGeoOpt --name BMIM_Cl_ASEGeoOpt
    deps:
    - path: nodes/BMIM_Cl/Packmol_1/atoms.h5
      hash: md5
      md5: 5f3b95b66ba4de9d5a9a35752de8a142
      size: 36288
    - path: nodes/BMIM_Cl/Packmol_1/node-meta.json
      hash: md5
      md5: 1bf9da9cb89d6cd501f0041aa32e4100
      size: 48
    - path: nodes/BMIM_Cl/Packmol_1/packmol
      hash: md5
      md5: 6da955de6a51d4406d482ceb97aaeab8.dir
      size: 16318
      nfiles: 3
    - path: nodes/LoadModelDispersion/node-meta.json
      hash: md5
      md5: 07f181c7998f38f02e16df28aff78af5
      size: 48
    params:
      params.yaml:
        BMIM_Cl_ASEGeoOpt:
          data_id: -1
          dump_rate: 1000
          init_kwargs: {}
          optimizer: FIRE
          repeat:
          - 1
          - 1
          - 1
          run_kwargs:
            fmax: 0.5
    outs:
    - path: nodes/BMIM_Cl/ASEGeoOpt/model_outs
      hash: md5
      md5: 64586897446153f477c052dd0e2579ad.dir
      size: 11
      nfiles: 1
    - path: nodes/BMIM_Cl/ASEGeoOpt/node-meta.json
      hash: md5
      md5: 7c6b4179455279eb162abc2674039373
      size: 48
    - path: nodes/BMIM_Cl/ASEGeoOpt/trajectory.h5
      hash: md5
      md5: 2a276da7b176ad1eb5e50e784fb2cacf
      size: 406640
  BMIM_Cl_ASEMD:
    cmd: zntrack run ipsuite.nodes.ASEMD --name BMIM_Cl_ASEMD
    deps:
    - path: nodes/BMIM_Cl/ASEGeoOpt/model_outs
      hash: md5
      md5: 64586897446153f477c052dd0e2579ad.dir
      size: 11
      nfiles: 1
    - path: nodes/BMIM_Cl/ASEGeoOpt/node-meta.json
      hash: md5
      md5: 7c6b4179455279eb162abc2674039373
      size: 48
    - path: nodes/BMIM_Cl/ASEGeoOpt/trajectory.h5
      hash: md5
      md5: 2a276da7b176ad1eb5e50e784fb2cacf
      size: 406640
    - path: nodes/LoadModelDispersion/node-meta.json
      hash: md5
      md5: 07f181c7998f38f02e16df28aff78af5
      size: 48
    params:
      params.yaml:
        BMIM_Cl_ASEMD:
          data_id: -1
          dump_rate: 1000
          pop_last: false
          repeat:
          - 1
          - 1
          - 1
          sampling_rate: 10
          seed: 42
          steps: 1000
          use_momenta: false
          wrap: false
        BMIM_Cl_ASEMD+modifier+0:
          cell:
          density: 1086
        BMIM_Cl_ASEMD+thermostat:
          friction: 0.01
          temperature: 298.15
          time_step: 0.5
    outs:
    - path: nodes/BMIM_Cl/ASEMD/metrics_dict.csv
      hash: md5
      md5: 0954ad98659cb8ca28fffa5ce74160b2
      size: 4063
    - path: nodes/BMIM_Cl/ASEMD/model
      hash: md5
      md5: 64586897446153f477c052dd0e2579ad.dir
      size: 11
      nfiles: 1
    - path: nodes/BMIM_Cl/ASEMD/node-meta.json
      hash: md5
      md5: 38f399b5ea9e5c47b26a52952354771d
      size: 48
    - path: nodes/BMIM_Cl/ASEMD/steps_before_stopping.json
      hash: md5
      md5: 6bb61e3b7bce0931da574d19d1d82c88
      size: 2
    - path: nodes/BMIM_Cl/ASEMD/trajectory.h5
      hash: md5
      md5: 9f03f665cf2d4e75eb3f2eff6b271b9f
      size: 2124424
  BMIM_Cl_ASEMD_1:
    cmd: zntrack run ipsuite.nodes.ASEMD --name BMIM_Cl_ASEMD_1
    deps:
    - path: nodes/BMIM_Cl/ASEGeoOpt/model_outs
      hash: md5
      md5: 64586897446153f477c052dd0e2579ad.dir
      size: 11
      nfiles: 1
    - path: nodes/BMIM_Cl/ASEGeoOpt/node-meta.json
      hash: md5
      md5: e20f30585df5451797e6e925b061ad48
      size: 48
    - path: nodes/BMIM_Cl/ASEGeoOpt/trajectory.h5
      hash: md5
      md5: 38dfcc183d8e49ba9d50a6ee0d38702a
      size: 538040
    - path: nodes/LoadModel/node-meta.json
      hash: md5
      md5: f0940c3b5311cae757f3c3a72c27db0a
      size: 48
    params:
      params.yaml:
        BMIM_Cl_ASEMD_1:
          data_id: -1
          dump_rate: 1000
          pop_last: false
          repeat:
          - 1
          - 1
          - 1
          sampling_rate: 100
          seed: 42
          steps: 500000
          use_momenta: false
          wrap: false
        BMIM_Cl_ASEMD_1+modifier+0:
          interval: 1
          start_temperature: 250
          temperature: 500
        BMIM_Cl_ASEMD_1+thermostat:
          friction: 0.01
          temperature: 298.15
          time_step: 0.5
    outs:
    - path: nodes/BMIM_Cl/ASEMD_1/metrics_dict.csv
      hash: md5
      md5: 01557e345a278255c51cf2295435a263
      size: 210829
    - path: nodes/BMIM_Cl/ASEMD_1/model
      hash: md5
      md5: 64586897446153f477c052dd0e2579ad.dir
      size: 11
      nfiles: 1
    - path: nodes/BMIM_Cl/ASEMD_1/node-meta.json
      hash: md5
      md5: 70350ea8e655730aafb4b349dce3829b
      size: 48
    - path: nodes/BMIM_Cl/ASEMD_1/steps_before_stopping.json
      hash: md5
      md5: 6bb61e3b7bce0931da574d19d1d82c88
      size: 2
    - path: nodes/BMIM_Cl/ASEMD_1/trajectory.h5
      hash: md5
      md5: cb25e6bc24f0137155694e7a5434ac60
      size: 117601504
  BMIM_Cl_ConfigurationSelection:
    cmd: zntrack run ipsuite.nodes.UniformTemporalSelection --name BMIM_Cl_ConfigurationSelection
    deps:
    - path: nodes/BMIM_Cl/ASEMD_1/metrics_dict.csv
      hash: md5
      md5: 01557e345a278255c51cf2295435a263
      size: 210829
    - path: nodes/BMIM_Cl/ASEMD_1/model
      hash: md5
      md5: 64586897446153f477c052dd0e2579ad.dir
      size: 11
      nfiles: 1
    - path: nodes/BMIM_Cl/ASEMD_1/node-meta.json
      hash: md5
      md5: 70350ea8e655730aafb4b349dce3829b
      size: 48
    - path: nodes/BMIM_Cl/ASEMD_1/steps_before_stopping.json
      hash: md5
      md5: 6bb61e3b7bce0931da574d19d1d82c88
      size: 2
    - path: nodes/BMIM_Cl/ASEMD_1/trajectory.h5
      hash: md5
      md5: cb25e6bc24f0137155694e7a5434ac60
      size: 117601504
    params:
      params.yaml:
        BMIM_Cl_ConfigurationSelection:
          n_configurations: 50
    outs:
    - path: nodes/BMIM_Cl/ConfigurationSelection/node-meta.json
      hash: md5
      md5: b6946ed3235c8689410e73336ebfe8a6
      size: 48
    - path: nodes/BMIM_Cl/ConfigurationSelection/selected_configurations.json
      hash: md5
      md5: a2df9e75928962821dc590f07634b448
      size: 721
    - path: nodes/BMIM_Cl/ConfigurationSelection/selection.png
      hash: md5
      md5: 40ea7ed070019cb8bbfca4b28d106386
      size: 32060
  BMIM_BF4_SmilesToAtoms:
    cmd: zntrack run ipsuite.nodes.SmilesToAtoms --name BMIM_BF4_SmilesToAtoms
    params:
      params.yaml:
        BMIM_BF4_SmilesToAtoms:
          cell:
          optimizer: UFF
          seed: 1234
          smiles: CCCCN1C=C[N+](=C1)C
    outs:
    - path: nodes/BMIM_BF4/SmilesToAtoms/atoms.h5
      hash: md5
      md5: 744f94e60270ed284980820ff3038f19
      size: 27968
    - path: nodes/BMIM_BF4/SmilesToAtoms/molecule.png
      hash: md5
      md5: a9e6627ebd24d022ae34219e921b7e5f
      size: 7818
    - path: nodes/BMIM_BF4/SmilesToAtoms/node-meta.json
      hash: md5
      md5: f36888aab213d28067affe2a327a03d1
      size: 48
  BMIM_BF4_SmilesToAtoms_1:
    cmd: zntrack run ipsuite.nodes.SmilesToAtoms --name BMIM_BF4_SmilesToAtoms_1
    params:
      params.yaml:
        BMIM_BF4_SmilesToAtoms_1:
          cell:
          optimizer: UFF
          seed: 1234
          smiles: '[B-](F)(F)(F)F'
    outs:
    - path: nodes/BMIM_BF4/SmilesToAtoms_1/atoms.h5
      hash: md5
      md5: 181a42114d5c08d6ac24e8ce30a8f82b
      size: 27968
    - path: nodes/BMIM_BF4/SmilesToAtoms_1/molecule.png
      hash: md5
      md5: 997f23bda60b18cd532f3af5e5b3fe1c
      size: 2963
    - path: nodes/BMIM_BF4/SmilesToAtoms_1/node-meta.json
      hash: md5
      md5: 2b8182f4bc67f8c936a87690cd6c6540
      size: 48
  BMIM_BF4_Packmol:
    cmd: zntrack run ipsuite.nodes.Packmol --name BMIM_BF4_Packmol
    deps:
    - path: nodes/BMIM_BF4/SmilesToAtoms/atoms.h5
      hash: md5
      md5: 744f94e60270ed284980820ff3038f19
      size: 27968
    - path: nodes/BMIM_BF4/SmilesToAtoms/molecule.png
      hash: md5
      md5: a9e6627ebd24d022ae34219e921b7e5f
      size: 7818
    - path: nodes/BMIM_BF4/SmilesToAtoms/node-meta.json
      hash: md5
      md5: f36888aab213d28067affe2a327a03d1
      size: 48
    - path: nodes/BMIM_BF4/SmilesToAtoms_1/atoms.h5
      hash: md5
      md5: 181a42114d5c08d6ac24e8ce30a8f82b
      size: 27968
    - path: nodes/BMIM_BF4/SmilesToAtoms_1/molecule.png
      hash: md5
      md5: 997f23bda60b18cd532f3af5e5b3fe1c
      size: 2963
    - path: nodes/BMIM_BF4/SmilesToAtoms_1/node-meta.json
      hash: md5
      md5: 2b8182f4bc67f8c936a87690cd6c6540
      size: 48
    params:
      params.yaml:
        BMIM_BF4_Packmol:
          box:
          count:
          - 1
          - 1
          data_ids:
          density: 1000
          pbc: false
          tolerance: 2.0
    outs:
    - path: nodes/BMIM_BF4/Packmol/atoms.h5
      hash: md5
      md5: be17452e81fca6b04b2305ba0205f17a
      size: 27968
    - path: nodes/BMIM_BF4/Packmol/node-meta.json
      hash: md5
      md5: 4c2b61ff2f600f75c88b48f654452c4a
      size: 48
    - path: nodes/BMIM_BF4/Packmol/packmol
      hash: md5
      md5: a493e14ae035ce31f794a2b85442b77b.dir
      size: 3841
      nfiles: 4
  BMIM_BF4_Packmol_1:
    cmd: zntrack run ipsuite.nodes.Packmol --name BMIM_BF4_Packmol_1
    deps:
    - path: nodes/BMIM_BF4/Packmol/atoms.h5
      hash: md5
      md5: be17452e81fca6b04b2305ba0205f17a
      size: 27968
    - path: nodes/BMIM_BF4/Packmol/node-meta.json
      hash: md5
      md5: 4c2b61ff2f600f75c88b48f654452c4a
      size: 48
    - path: nodes/BMIM_BF4/Packmol/packmol
      hash: md5
      md5: a493e14ae035ce31f794a2b85442b77b.dir
      size: 3841
      nfiles: 4
    params:
      params.yaml:
        BMIM_BF4_Packmol_1:
          box:
          count:
          - 10
          data_ids:
          density: 700
          pbc: true
          tolerance: 2.0
    outs:
    - path: nodes/BMIM_BF4/Packmol_1/atoms.h5
      hash: md5
      md5: 86fb027599aa2d50941b15978defdbbf
      size: 37568
    - path: nodes/BMIM_BF4/Packmol_1/node-meta.json
      hash: md5
      md5: c16948dbc5e278760d1d74229153cfbe
      size: 48
    - path: nodes/BMIM_BF4/Packmol_1/packmol
      hash: md5
      md5: 5692e48c7199015b66aad9666d73702b.dir
      size: 18774
      nfiles: 3
  BMIM_BF4_ASEGeoOpt:
    cmd: zntrack run ipsuite.nodes.ASEGeoOpt --name BMIM_BF4_ASEGeoOpt
    deps:
    - path: nodes/BMIM_BF4/Packmol_1/atoms.h5
      hash: md5
      md5: 86fb027599aa2d50941b15978defdbbf
      size: 37568
    - path: nodes/BMIM_BF4/Packmol_1/node-meta.json
      hash: md5
      md5: c16948dbc5e278760d1d74229153cfbe
      size: 48
    - path: nodes/BMIM_BF4/Packmol_1/packmol
      hash: md5
      md5: 5692e48c7199015b66aad9666d73702b.dir
      size: 18774
      nfiles: 3
    - path: nodes/LoadModelDispersion/node-meta.json
      hash: md5
      md5: 07f181c7998f38f02e16df28aff78af5
      size: 48
    params:
      params.yaml:
        BMIM_BF4_ASEGeoOpt:
          data_id: -1
          dump_rate: 1000
          init_kwargs: {}
          optimizer: FIRE
          repeat:
          - 1
          - 1
          - 1
          run_kwargs:
            fmax: 0.5
    outs:
    - path: nodes/BMIM_BF4/ASEGeoOpt/model_outs
      hash: md5
      md5: 64586897446153f477c052dd0e2579ad.dir
      size: 11
      nfiles: 1
    - path: nodes/BMIM_BF4/ASEGeoOpt/node-meta.json
      hash: md5
      md5: d1265ba160960d1c69fcaf4fe7f93151
      size: 48
    - path: nodes/BMIM_BF4/ASEGeoOpt/trajectory.h5
      hash: md5
      md5: d901e7e7c395e327109e7cffb4653cc6
      size: 639088
  BMIM_BF4_ASEMD:
    cmd: zntrack run ipsuite.nodes.ASEMD --name BMIM_BF4_ASEMD
    deps:
    - path: nodes/BMIM_BF4/ASEGeoOpt/model_outs
      hash: md5
      md5: 64586897446153f477c052dd0e2579ad.dir
      size: 11
      nfiles: 1
    - path: nodes/BMIM_BF4/ASEGeoOpt/node-meta.json
      hash: md5
      md5: d1265ba160960d1c69fcaf4fe7f93151
      size: 48
    - path: nodes/BMIM_BF4/ASEGeoOpt/trajectory.h5
      hash: md5
      md5: d901e7e7c395e327109e7cffb4653cc6
      size: 639088
    - path: nodes/LoadModelDispersion/node-meta.json
      hash: md5
      md5: 07f181c7998f38f02e16df28aff78af5
      size: 48
    params:
      params.yaml:
        BMIM_BF4_ASEMD:
          data_id: -1
          dump_rate: 1000
          pop_last: false
          repeat:
          - 1
          - 1
          - 1
          sampling_rate: 10
          seed: 42
          steps: 1000
          use_momenta: false
          wrap: false
        BMIM_BF4_ASEMD+modifier+0:
          cell:
          density: 1196
        BMIM_BF4_ASEMD+thermostat:
          friction: 0.01
          temperature: 303.15
          time_step: 0.5
    outs:
    - path: nodes/BMIM_BF4/ASEMD/metrics_dict.csv
      hash: md5
      md5: d5c5dba419019b2d2c57c7cb4dcc9b65
      size: 4051
    - path: nodes/BMIM_BF4/ASEMD/model
      hash: md5
      md5: 64586897446153f477c052dd0e2579ad.dir
      size: 11
      nfiles: 1
    - path: nodes/BMIM_BF4/ASEMD/node-meta.json
      hash: md5
      md5: 70fb426ba5d374da84bf73e7b4253025
      size: 48
    - path: nodes/BMIM_BF4/ASEMD/steps_before_stopping.json
      hash: md5
      md5: 6bb61e3b7bce0931da574d19d1d82c88
      size: 2
    - path: nodes/BMIM_BF4/ASEMD/trajectory.h5
      hash: md5
      md5: 018c441a527d943f2379638836ddba90
      size: 2444424
  LoadModelDispersion:
    cmd: zntrack run src.LoadModelDispersion --name LoadModelDispersion
    deps:
    - path: 2023-08-14-mace-universal.model
      hash: md5
      md5: 619bf9f4d5aa7a7a83de8d166cc29595
      size: 17045559
    outs:
    - path: nodes/LoadModelDispersion/node-meta.json
      hash: md5
      md5: 07f181c7998f38f02e16df28aff78af5
      size: 48
  BMIM_Cl_ASEGeoOpt_1:
    cmd: zntrack run ipsuite.nodes.ASEGeoOpt --name BMIM_Cl_ASEGeoOpt_1
    deps:
    - path: nodes/BMIM_Cl/Packmol_1/atoms.h5
      hash: md5
      md5: 5f3b95b66ba4de9d5a9a35752de8a142
      size: 36288
    - path: nodes/BMIM_Cl/Packmol_1/node-meta.json
      hash: md5
      md5: 1bf9da9cb89d6cd501f0041aa32e4100
      size: 48
    - path: nodes/BMIM_Cl/Packmol_1/packmol
      hash: md5
      md5: 6da955de6a51d4406d482ceb97aaeab8.dir
      size: 16318
      nfiles: 3
    - path: nodes/LoadModelDispersion/node-meta.json
      hash: md5
      md5: 07f181c7998f38f02e16df28aff78af5
      size: 48
    params:
      params.yaml:
        BMIM_Cl_ASEGeoOpt_1:
          data_id: -1
          dump_rate: 1000
          init_kwargs: {}
          optimizer: FIRE
          repeat:
          - 1
          - 1
          - 1
          run_kwargs:
            fmax: 0.5
    outs:
    - path: nodes/BMIM_Cl/ASEGeoOpt_1/model_outs
      hash: md5
      md5: 64586897446153f477c052dd0e2579ad.dir
      size: 11
      nfiles: 1
    - path: nodes/BMIM_Cl/ASEGeoOpt_1/node-meta.json
      hash: md5
      md5: b7b8445f4daf672fd63203317d083f38
      size: 48
    - path: nodes/BMIM_Cl/ASEGeoOpt_1/trajectory.h5
      hash: md5
      md5: e80ca21a2970ce99277d68e191972ab3
      size: 406640
  BMIM_BF4_ASEGeoOpt_1:
    cmd: zntrack run ipsuite.nodes.ASEGeoOpt --name BMIM_BF4_ASEGeoOpt_1
    deps:
    - path: nodes/BMIM_BF4/Packmol_1/atoms.h5
      hash: md5
      md5: 86fb027599aa2d50941b15978defdbbf
      size: 37568
    - path: nodes/BMIM_BF4/Packmol_1/node-meta.json
      hash: md5
      md5: c16948dbc5e278760d1d74229153cfbe
      size: 48
    - path: nodes/BMIM_BF4/Packmol_1/packmol
      hash: md5
      md5: 5692e48c7199015b66aad9666d73702b.dir
      size: 18774
      nfiles: 3
    - path: nodes/LoadModelDispersion/node-meta.json
      hash: md5
      md5: 07f181c7998f38f02e16df28aff78af5
      size: 48
    params:
      params.yaml:
        BMIM_BF4_ASEGeoOpt_1:
          data_id: -1
          dump_rate: 1000
          init_kwargs: {}
          optimizer: FIRE
          repeat:
          - 1
          - 1
          - 1
          run_kwargs:
            fmax: 0.5
    outs:
    - path: nodes/BMIM_BF4/ASEGeoOpt_1/model_outs
      hash: md5
      md5: 64586897446153f477c052dd0e2579ad.dir
      size: 11
      nfiles: 1
    - path: nodes/BMIM_BF4/ASEGeoOpt_1/node-meta.json
      hash: md5
      md5: 5676bfc347fb9311eb756c643ac956c8
      size: 48
    - path: nodes/BMIM_BF4/ASEGeoOpt_1/trajectory.h5
      hash: md5
      md5: 5ce9b168d998aba281772e8cce74d559
      size: 639088
  BMIM_BF4_BoxScale:
    cmd: zntrack run ipsuite.nodes.BoxScale --name BMIM_BF4_BoxScale
    deps:
    - path: nodes/BMIM_BF4/ASEGeoOpt_1/model_outs
      hash: md5
      md5: 64586897446153f477c052dd0e2579ad.dir
      size: 11
      nfiles: 1
    - path: nodes/BMIM_BF4/ASEGeoOpt_1/node-meta.json
      hash: md5
      md5: 5676bfc347fb9311eb756c643ac956c8
      size: 48
    - path: nodes/BMIM_BF4/ASEGeoOpt_1/trajectory.h5
      hash: md5
      md5: 5ce9b168d998aba281772e8cce74d559
      size: 639088
    - path: nodes/LoadModel/node-meta.json
      hash: md5
      md5: f0940c3b5311cae757f3c3a72c27db0a
      size: 48
    params:
      params.yaml:
        BMIM_BF4_BoxScale:
          data_id: -1
          num: 50
          start: 0.9
          stop: 2.0
        BMIM_BF4_BoxScale+mapping:
          frozen: false
    outs:
    - path: nodes/BMIM_BF4/BoxScale/atoms.h5
      hash: md5
      md5: 0a7e3374427f5fc5e36480012c7f7021
      size: 1304096
    - path: nodes/BMIM_BF4/BoxScale/energies.csv
      hash: md5
      md5: 4ac20bcfd5c9a38ad83a786e1201dad7
      size: 2012
    - path: nodes/BMIM_BF4/BoxScale/energy.png
      hash: md5
      md5: fce6d20d8925472eca88eff248c76209
      size: 20070
    - path: nodes/BMIM_BF4/BoxScale/model
      hash: md5
      md5: 64586897446153f477c052dd0e2579ad.dir
      size: 11
      nfiles: 1
    - path: nodes/BMIM_BF4/BoxScale/node-meta.json
      hash: md5
      md5: d672d34e97a616823b83852e51ce18a1
      size: 48
  BMIM_BF4_CP2KSinglePoint:
    cmd: zntrack run ipsuite.nodes.CP2KSinglePoint --name BMIM_BF4_CP2KSinglePoint
    deps:
    - path: GTH_BASIS_SETS
      hash: md5
      md5: 518e733a7344699cf0b4192bb97eb6a3
      size: 119403
    - path: GTH_POTENTIALS
      hash: md5
      md5: 3a35b03b26b8ba5cf6c1d849dba11f15
      size: 128982
    - path: dftd3.dat
      hash: md5
      md5: 88745bcc951a4bcdccc4d6bcfa78d105
      size: 1959318
    - path: nodes/BMIM_BF4/BoxScale/atoms.h5
      hash: md5
      md5: 0a7e3374427f5fc5e36480012c7f7021
      size: 1304096
    - path: nodes/BMIM_BF4/BoxScale/energies.csv
      hash: md5
      md5: 4ac20bcfd5c9a38ad83a786e1201dad7
      size: 2012
    - path: nodes/BMIM_BF4/BoxScale/energy.png
      hash: md5
      md5: fce6d20d8925472eca88eff248c76209
      size: 20070
    - path: nodes/BMIM_BF4/BoxScale/model
      hash: md5
      md5: 64586897446153f477c052dd0e2579ad.dir
      size: 11
      nfiles: 1
    - path: nodes/BMIM_BF4/BoxScale/node-meta.json
      hash: md5
      md5: d672d34e97a616823b83852e51ce18a1
      size: 48
    params:
      config/cp2k.yaml:
        force_eval:
          method: quickstep
          DFT:
            mgrid:
              cutoff: 800
              rel_cutoff: 60
              ngrids: 5
            QS:
              eps_filter_matrix: 0.0
              eps_pgf_orb: 0.0001
            SCF:
              scf_guess: restart
              max_scf: 100
              eps_scf: 1e-06
              OT:
                minimizer: diis
                preconditioner: full_single_inverse
              outer_scf:
                max_scf: 100
                eps_scf: 1e-06
              print:
                restart:
                  each:
                    QS_SCF: 0
            XC:
              xc_functional:
                becke97:
                  parametrization: B97-3c
                  scale_c: 1.0
                  scale_x: 1.0
              vdw_potential:
                pair_potential:
                  type: dftd3(bj)
                  parameter_file_name: dftd3.dat
                  reference_functional: B97-3c
                  r_cutoff: 7.93766
                  calculate_c9_term: true
                  short_range_correction: true
                potential_type: pair_potential
            charge: 0
            basis_set_file_name: GTH_BASIS_SETS
            potential_file_name: GTH_POTENTIALS
          subsys:
            kind:
              N:
                basis_set: TZVP-GTH-q5
                potential: GTH-PBE-q5
              C:
                basis_set: TZVP-GTH-q4
                potential: GTH-PBE-q4
              H:
                basis_set: TZVP-GTH-q1
                potential: GTH-PBE-q1
              B:
                basis_set: TZVP-GTH-q3
                potential: GTH-PBE-q3
              F:
                basis_set: TZVP-GTH-q7
                potential: GTH-PBE-q7
    outs:
    - path: nodes/BMIM_BF4/CP2KSinglePoint/atoms.h5
      hash: md5
      md5: 0f265702fd90a2efc4a4c8542b1e568a
      size: 887312
    - path: nodes/BMIM_BF4/CP2KSinglePoint/cp2k
      hash: md5
      md5: 0c69dd01ca2dbeea513e075c2b69676f.dir
      size: 15549504
      nfiles: 3
    - path: nodes/BMIM_BF4/CP2KSinglePoint/node-meta.json
      hash: md5
      md5: 0edc0247ce3f3a14dea5b0b82e43d322
      size: 48
  BMIM_BF4_Prediction:
    cmd: zntrack run ipsuite.nodes.Prediction --name BMIM_BF4_Prediction
    deps:
    - path: nodes/BMIM_BF4/CP2KSinglePoint/atoms.h5
      hash: md5
      md5: 0f265702fd90a2efc4a4c8542b1e568a
      size: 887312
    - path: nodes/BMIM_BF4/CP2KSinglePoint/cp2k
      hash: md5
      md5: 0c69dd01ca2dbeea513e075c2b69676f.dir
      size: 15549504
      nfiles: 3
    - path: nodes/BMIM_BF4/CP2KSinglePoint/node-meta.json
      hash: md5
      md5: 0edc0247ce3f3a14dea5b0b82e43d322
      size: 48
    - path: nodes/LoadModel/node-meta.json
      hash: md5
      md5: f0940c3b5311cae757f3c3a72c27db0a
      size: 48
    outs:
    - path: nodes/BMIM_BF4/Prediction/atoms.h5
      hash: md5
      md5: dfada02dff71e360fd50da67e567bc27
      size: 1304096
    - path: nodes/BMIM_BF4/Prediction/node-meta.json
      hash: md5
      md5: 2b2e4f4c4f187411204c27997f231eac
      size: 48
  BMIM_BF4_ForceDecomposition:
    cmd: zntrack run ipsuite.nodes.ForceDecomposition --name BMIM_BF4_ForceDecomposition
    deps:
    - path: nodes/BMIM_BF4/Prediction/atoms.h5
      hash: md5
      md5: dfada02dff71e360fd50da67e567bc27
      size: 1304096
    - path: nodes/BMIM_BF4/Prediction/node-meta.json
      hash: md5
      md5: 2b2e4f4c4f187411204c27997f231eac
      size: 48
    outs:
    - path: nodes/BMIM_BF4/ForceDecomposition/histogram.png
      hash: md5
      md5: 5ac27750378c4647d2a6733e1306b9e0
      size: 119536
    - path: nodes/BMIM_BF4/ForceDecomposition/node-meta.json
      hash: md5
      md5: 1c6cb22dbbdf823fd49334faed971f45
      size: 48
    - path: nodes/BMIM_BF4/ForceDecomposition/rot_force.png
      hash: md5
      md5: 5f6b354e0323120aaa5cb4d5f1ca9e81
      size: 116657
    - path: nodes/BMIM_BF4/ForceDecomposition/rot_forces.json
      hash: md5
      md5: 38c72a94ac895deaa865556d8e4952f0
      size: 190
    - path: nodes/BMIM_BF4/ForceDecomposition/trans_force.png
      hash: md5
      md5: 89630e2111ee8656f76f82ca70b3b3b7
      size: 96052
    - path: nodes/BMIM_BF4/ForceDecomposition/trans_forces.json
      hash: md5
      md5: 5a617664aa93288fec63c5ede3a3c989
      size: 188
    - path: nodes/BMIM_BF4/ForceDecomposition/vib_force.png
      hash: md5
      md5: b83b8225f44ec2647e8376d0eb417701
      size: 206859
    - path: nodes/BMIM_BF4/ForceDecomposition/vib_forces.json
      hash: md5
      md5: 511e86505419d943aef04fe30d8c8881
      size: 191
    - path: nodes/BMIM_BF4/ForceDecomposition/wasserstein_distance.json
      hash: md5
      md5: d0f9c38b03dc92d78d07e8056431ef82
      size: 548
